Microsoft Visual Studio Solution File, Format Version 12.00
# Visual Studio Version 17
VisualStudioVersion = 17.5.2.0
MinimumVisualStudioVersion = 10.0.40219.1
Project("{FAE04EC0-301F-11D3-BF4B-00C04F79EFBC}") = "StoriesLinker", "StoriesLinker.csproj", "{D20AEB92-0B5F-0256-6D75-E1EF74630402}"
EndProject
Global
	GlobalSection(SolutionConfigurationPlatforms) = preSolution
		Debug|Any CPU = Debug|Any CPU
		Release|Any CPU = Release|Any CPU
	EndGlobalSection
	GlobalSection(ProjectConfigurationPlatforms) = postSolution
		{D20AEB92-0B5F-0256-6D75-E1EF74630402}.Debug|Any CPU.ActiveCfg = Debug|Any CPU
		{D20AEB92-0B5F-0256-6D75-E1EF74630402}.Debug|Any CPU.Build.0 = Debug|Any CPU
		{D20AEB92-0B5F-0256-6D75-E1EF74630402}.Release|Any CPU.ActiveCfg = Release|Any CPU
		{D20AEB92-0B5F-0256-6D75-E1EF74630402}.Release|Any CPU.Build.0 = Release|Any CPU
	EndGlobalSection
	GlobalSection(SolutionProperties) = preSolution
		HideSolutionNode = FALSE
	EndGlobalSection
	GlobalSection(ExtensibilityGlobals) = postSolution
		SolutionGuid = {A06CC701-AB35-49BD-83E3-EECD4EB13567}
	EndGlobalSection
EndGlobal
